{
  "name": "@houdini473/timegrid",
  "version": "1.0.0",
  "lockfileVersion": 2,
  "requires": true,
  "packages": {
    "": {
      "name": "@houdini473/timegrid",
      "version": "1.0.0",
      "license": "ISC",
      "dependencies": {
        "@houdini473/common": "^1.0.1",
        "@houdini473/daygrid": "^1.0.0",
        "tslib": "^2.2.0"
      }
    },
    "node_modules/@houdini473/common": {
      "version": "1.0.1",
      "resolved": "https://registry.npmjs.org/@houdini473/common/-/common-1.0.1.tgz",
      "integrity": "sha512-BgzbaIBbUuwr9UT7eKJHSkWYqzY+lmK49Y5MB3NG5vq6RBX5bau0+3zug21NDoeBCHfq3n8XCkJLkhYh+ByUYw==",
      "dependencies": {
        "tslib": "^2.2.0"
      }
    },
    "node_modules/@houdini473/daygrid": {
      "version": "1.0.0",
      "resolved": "https://registry.npmjs.org/@houdini473/daygrid/-/daygrid-1.0.0.tgz",
      "integrity": "sha512-nTH+p3yJsUqj7YXdAwOkqAwjxMKGkxrldkqlF0wqQ9HMY63OAonGh4dZ+7blIKRbsHBDnI+HWlaInSGgdK3LBA==",
      "dependencies": {
        "@houdini473/common": "^1.0.0",
        "tslib": "^2.2.0"
      }
    },
    "node_modules/tslib": {
      "version": "2.2.0",
      "resolved": "https://registry.npmjs.org/tslib/-/tslib-2.2.0.tgz",
      "integrity": "sha512-gS9GVHRU+RGn5KQM2rllAlR3dU6m7AcpJKdtH8gFvQiC4Otgk98XnmMU+nZenHt/+VhnBPWwgrJsyrdcw6i23w=="
    }
  },
  "dependencies": {
    "@houdini473/common": {
      "version": "1.0.1",
      "resolved": "https://registry.npmjs.org/@houdini473/common/-/common-1.0.1.tgz",
      "integrity": "sha512-BgzbaIBbUuwr9UT7eKJHSkWYqzY+lmK49Y5MB3NG5vq6RBX5bau0+3zug21NDoeBCHfq3n8XCkJLkhYh+ByUYw==",
      "requires": {
        "tslib": "^2.2.0"
      }
    },
    "@houdini473/daygrid": {
      "version": "1.0.0",
      "resolved": "https://registry.npmjs.org/@houdini473/daygrid/-/daygrid-1.0.0.tgz",
      "integrity": "sha512-nTH+p3yJsUqj7YXdAwOkqAwjxMKGkxrldkqlF0wqQ9HMY63OAonGh4dZ+7blIKRbsHBDnI+HWlaInSGgdK3LBA==",
      "requires": {
        "@houdini473/common": "^1.0.0",
        "tslib": "^2.2.0"
      }
    },
    "tslib": {
      "version": "2.2.0",
      "resolved": "https://registry.npmjs.org/tslib/-/tslib-2.2.0.tgz",
      "integrity": "sha512-gS9GVHRU+RGn5KQM2rllAlR3dU6m7AcpJKdtH8gFvQiC4Otgk98XnmMU+nZenHt/+VhnBPWwgrJsyrdcw6i23w=="
    }
  }
}
